
Microsoft Visual Studio Solution File, Format Version 12.00
# Visual Studio Version 17
VisualStudioVersion = 17.9.34723.18
MinimumVisualStudioVersion = 10.0.40219.1
Project("{FAE04EC0-301F-11D3-BF4B-00C04F79EFBC}") = "News_App_using_.NET_MAUI", "News-App-using-.NET-MAUI\News_App_using_.NET_MAUI.csproj", "{F9169737-7BF3-427C-BF42-9E17EDA8B3F8}"
EndProject
Project("{2150E333-8FDC-42A3-9474-1A3956D46DE8}") = "Solution Items", "Solution Items", "{4A0C8D9C-2A0A-42EA-87B0-39963CA43199}"
	ProjectSection(SolutionItems) = preProject
		.editorconfig = .editorconfig
	EndProjectSection
EndProject
Global
	GlobalSection(SolutionConfigurationPlatforms) = preSolution
		Debug|Any CPU = Debug|Any CPU
		Release|Any CPU = Release|Any CPU
	EndGlobalSection
	GlobalSection(ProjectConfigurationPlatforms) = postSolution
		{F9169737-7BF3-427C-BF42-9E17EDA8B3F8}.Debug|Any CPU.ActiveCfg = Debug|Any CPU
		{F9169737-7BF3-427C-BF42-9E17EDA8B3F8}.Debug|Any CPU.Build.0 = Debug|Any CPU
		{F9169737-7BF3-427C-BF42-9E17EDA8B3F8}.Debug|Any CPU.Deploy.0 = Debug|Any CPU
		{F9169737-7BF3-427C-BF42-9E17EDA8B3F8}.Release|Any CPU.ActiveCfg = Release|Any CPU
		{F9169737-7BF3-427C-BF42-9E17EDA8B3F8}.Release|Any CPU.Build.0 = Release|Any CPU
		{F9169737-7BF3-427C-BF42-9E17EDA8B3F8}.Release|Any CPU.Deploy.0 = Release|Any CPU
	EndGlobalSection
	GlobalSection(SolutionProperties) = preSolution
		HideSolutionNode = FALSE
	EndGlobalSection
	GlobalSection(ExtensibilityGlobals) = postSolution
		SolutionGuid = {83683B63-B79D-45A3-A610-CF75EEE9BD18}
	EndGlobalSection
EndGlobal
